
Microsoft Visual Studio Solution File, Format Version 12.00
# Visual Studio 15
VisualStudioVersion = 15.0.26730.8
MinimumVisualStudioVersion = 10.0.40219.1
Project("{FAE04EC0-301F-11D3-BF4B-00C04F79EFBC}") = "BaiTap3_61131562", "BaiTap3_61131562\BaiTap3_61131562.csproj", "{CA0D5BE3-F80A-4DD9-894E-512052C9DEA3}"
EndProject
Global
	GlobalSection(SolutionConfigurationPlatforms) = preSolution
		Debug|Any CPU = Debug|Any CPU
		Release|Any CPU = Release|Any CPU
	EndGlobalSection
	GlobalSection(ProjectConfigurationPlatforms) = postSolution
		{CA0D5BE3-F80A-4DD9-894E-512052C9DEA3}.Debug|Any CPU.ActiveCfg = Debug|Any CPU
		{CA0D5BE3-F80A-4DD9-894E-512052C9DEA3}.Debug|Any CPU.Build.0 = Debug|Any CPU
		{CA0D5BE3-F80A-4DD9-894E-512052C9DEA3}.Release|Any CPU.ActiveCfg = Release|Any CPU
		{CA0D5BE3-F80A-4DD9-894E-512052C9DEA3}.Release|Any CPU.Build.0 = Release|Any CPU
	EndGlobalSection
	GlobalSection(SolutionProperties) = preSolution
		HideSolutionNode = FALSE
	EndGlobalSection
	GlobalSection(ExtensibilityGlobals) = postSolution
		SolutionGuid = {F197273B-7549-41E9-A828-CF6698BB79DF}
	EndGlobalSection
EndGlobal
