
Microsoft Visual Studio Solution File, Format Version 12.00
# Visual Studio Version 17
VisualStudioVersion = 17.0.31912.275
MinimumVisualStudioVersion = 10.0.40219.1
Project("{FAE04EC0-301F-11D3-BF4B-00C04F79EFBC}") = "BaiTap5_61131562", "BaiTap5_61131562\BaiTap5_61131562.csproj", "{66029360-8395-45EF-9391-93E4CBB5CE30}"
EndProject
Global
	GlobalSection(SolutionConfigurationPlatforms) = preSolution
		Debug|Any CPU = Debug|Any CPU
		Release|Any CPU = Release|Any CPU
	EndGlobalSection
	GlobalSection(ProjectConfigurationPlatforms) = postSolution
		{66029360-8395-45EF-9391-93E4CBB5CE30}.Debug|Any CPU.ActiveCfg = Debug|Any CPU
		{66029360-8395-45EF-9391-93E4CBB5CE30}.Debug|Any CPU.Build.0 = Debug|Any CPU
		{66029360-8395-45EF-9391-93E4CBB5CE30}.Release|Any CPU.ActiveCfg = Release|Any CPU
		{66029360-8395-45EF-9391-93E4CBB5CE30}.Release|Any CPU.Build.0 = Release|Any CPU
	EndGlobalSection
	GlobalSection(SolutionProperties) = preSolution
		HideSolutionNode = FALSE
	EndGlobalSection
	GlobalSection(ExtensibilityGlobals) = postSolution
		SolutionGuid = {F3D93DB3-4552-40D8-9215-A09F0F21BECF}
	EndGlobalSection
EndGlobal
